
Microsoft Visual Studio Solution File, Format Version 12.00
# Visual Studio Version 17
VisualStudioVersion = 17.3.32825.248
MinimumVisualStudioVersion = 10.0.40219.1
Project("{FAE04EC0-301F-11D3-BF4B-00C04F79EFBC}") = "Lab_6_Consuming_Web_API", "Lab_6_Consuming_Web_API\Lab_6_Consuming_Web_API.csproj", "{070C92C0-653F-4D5C-AEED-20D2573A8B9D}"
EndProject
Global
	GlobalSection(SolutionConfigurationPlatforms) = preSolution
		Debug|Any CPU = Debug|Any CPU
		Release|Any CPU = Release|Any CPU
	EndGlobalSection
	GlobalSection(ProjectConfigurationPlatforms) = postSolution
		{070C92C0-653F-4D5C-AEED-20D2573A8B9D}.Debug|Any CPU.ActiveCfg = Debug|Any CPU
		{070C92C0-653F-4D5C-AEED-20D2573A8B9D}.Debug|Any CPU.Build.0 = Debug|Any CPU
		{070C92C0-653F-4D5C-AEED-20D2573A8B9D}.Release|Any CPU.ActiveCfg = Release|Any CPU
		{070C92C0-653F-4D5C-AEED-20D2573A8B9D}.Release|Any CPU.Build.0 = Release|Any CPU
	EndGlobalSection
	GlobalSection(SolutionProperties) = preSolution
		HideSolutionNode = FALSE
	EndGlobalSection
	GlobalSection(ExtensibilityGlobals) = postSolution
		SolutionGuid = {4C00E88C-92EA-4534-B9AD-3F580FC29986}
	EndGlobalSection
EndGlobal
